
Microsoft Visual Studio Solution File, Format Version 12.00
# Visual Studio 14
VisualStudioVersion = 14.0.22310.1
MinimumVisualStudioVersion = 10.0.40219.1
Project("{F2A71F9B-5D33-465A-A702-920D77279786}") = "HaskellForms", "HaskellForms\HaskellForms.fsproj", "{A6A5F5C0-745C-4EED-A9E6-FC15C5DC3058}"
EndProject
Project("{F2A71F9B-5D33-465A-A702-920D77279786}") = "BindingsGenerator", "BindingsGenerator\BindingsGenerator.fsproj", "{2FB38102-DC22-4543-88D1-BC91800D01BD}"
EndProject
Global
	GlobalSection(SolutionConfigurationPlatforms) = preSolution
		Debug|Any CPU = Debug|Any CPU
		Release|Any CPU = Release|Any CPU
	EndGlobalSection
	GlobalSection(ProjectConfigurationPlatforms) = postSolution
		{A6A5F5C0-745C-4EED-A9E6-FC15C5DC3058}.Debug|Any CPU.ActiveCfg = Debug|Any CPU
		{A6A5F5C0-745C-4EED-A9E6-FC15C5DC3058}.Debug|Any CPU.Build.0 = Debug|Any CPU
		{A6A5F5C0-745C-4EED-A9E6-FC15C5DC3058}.Release|Any CPU.ActiveCfg = Release|Any CPU
		{A6A5F5C0-745C-4EED-A9E6-FC15C5DC3058}.Release|Any CPU.Build.0 = Release|Any CPU
		{2FB38102-DC22-4543-88D1-BC91800D01BD}.Debug|Any CPU.ActiveCfg = Debug|Any CPU
		{2FB38102-DC22-4543-88D1-BC91800D01BD}.Debug|Any CPU.Build.0 = Debug|Any CPU
		{2FB38102-DC22-4543-88D1-BC91800D01BD}.Release|Any CPU.ActiveCfg = Release|Any CPU
		{2FB38102-DC22-4543-88D1-BC91800D01BD}.Release|Any CPU.Build.0 = Release|Any CPU
	EndGlobalSection
	GlobalSection(SolutionProperties) = preSolution
		HideSolutionNode = FALSE
	EndGlobalSection
EndGlobal
